
Microsoft Visual Studio Solution File, Format Version 12.00
# Visual Studio Version 17
VisualStudioVersion = 17.14.36429.23 d17.14
MinimumVisualStudioVersion = 10.0.40219.1
Project("{FAE04EC0-301F-11D3-BF4B-00C04F79EFBC}") = "pruebaSemana1", "pruebaSemana1.csproj", "{76650B5E-B3BA-40CB-83A7-8E2B32C083AE}"
EndProject
Global
	GlobalSection(SolutionConfigurationPlatforms) = preSolution
		Debug|Any CPU = Debug|Any CPU
		Release|Any CPU = Release|Any CPU
	EndGlobalSection
	GlobalSection(ProjectConfigurationPlatforms) = postSolution
		{76650B5E-B3BA-40CB-83A7-8E2B32C083AE}.Debug|Any CPU.ActiveCfg = Debug|Any CPU
		{76650B5E-B3BA-40CB-83A7-8E2B32C083AE}.Debug|Any CPU.Build.0 = Debug|Any CPU
		{76650B5E-B3BA-40CB-83A7-8E2B32C083AE}.Release|Any CPU.ActiveCfg = Release|Any CPU
		{76650B5E-B3BA-40CB-83A7-8E2B32C083AE}.Release|Any CPU.Build.0 = Release|Any CPU
	EndGlobalSection
	GlobalSection(SolutionProperties) = preSolution
		HideSolutionNode = FALSE
	EndGlobalSection
	GlobalSection(ExtensibilityGlobals) = postSolution
		SolutionGuid = {DC6B51F0-E188-4CD5-A577-31FED503CDF0}
	EndGlobalSection
EndGlobal
