
Microsoft Visual Studio Solution File, Format Version 12.00
# Visual Studio Version 17
VisualStudioVersion = 17.14.36623.8
MinimumVisualStudioVersion = 10.0.40219.1
Project("{FAE04EC0-301F-11D3-BF4B-00C04F79EFBC}") = "ExplorerApp", "ExplorerApp\ExplorerApp.csproj", "{0818BCD4-5712-454D-B5A4-ED7741ACC7EC}"
	ProjectSection(ProjectDependencies) = postProject
		{6BD5B9A0-B217-4E8F-8BF9-AF337996FF50} = {6BD5B9A0-B217-4E8F-8BF9-AF337996FF50}
		{B745815E-908E-4D0E-A885-A632320CF9BB} = {B745815E-908E-4D0E-A885-A632320CF9BB}
	EndProjectSection
EndProject
Project("{FAE04EC0-301F-11D3-BF4B-00C04F79EFBC}") = "ExplorerApp.Infrastructure", "ExplorerApp.Infrastructure\ExplorerApp.Infrastructure.csproj", "{B745815E-908E-4D0E-A885-A632320CF9BB}"
	ProjectSection(ProjectDependencies) = postProject
		{6BD5B9A0-B217-4E8F-8BF9-AF337996FF50} = {6BD5B9A0-B217-4E8F-8BF9-AF337996FF50}
	EndProjectSection
EndProject
Project("{FAE04EC0-301F-11D3-BF4B-00C04F79EFBC}") = "ExplorerApp.Shared", "ExplorerApp.Shared\ExplorerApp.Shared.csproj", "{6BD5B9A0-B217-4E8F-8BF9-AF337996FF50}"
EndProject
Project("{FAE04EC0-301F-11D3-BF4B-00C04F79EFBC}") = "ExplorerApp.Services", "ExplorerApp.Services\ExplorerApp.Services.csproj", "{817615C4-A323-4A7C-BA56-A2F2AE383506}"
EndProject
Project("{FAE04EC0-301F-11D3-BF4B-00C04F79EFBC}") = "ExplorerApp.WebMVC", "ExplorerApp.WebMVC\ExplorerApp.WebMVC.csproj", "{292F0531-0C75-429E-943F-B389EBB57E9F}"
EndProject
Project("{FAE04EC0-301F-11D3-BF4B-00C04F79EFBC}") = "ExplorerApp.Tests", "ExplorerApp.Tests\ExplorerApp.Tests.csproj", "{C1D6B3A9-2276-42AB-BC27-F0694FEC404F}"
EndProject
Global
	GlobalSection(SolutionConfigurationPlatforms) = preSolution
		Debug|Any CPU = Debug|Any CPU
		Debug|x64 = Debug|x64
		Debug|x86 = Debug|x86
		Release|Any CPU = Release|Any CPU
		Release|x64 = Release|x64
		Release|x86 = Release|x86
	EndGlobalSection
	GlobalSection(ProjectConfigurationPlatforms) = postSolution
		{0818BCD4-5712-454D-B5A4-ED7741ACC7EC}.Debug|Any CPU.ActiveCfg = Debug|Any CPU
		{0818BCD4-5712-454D-B5A4-ED7741ACC7EC}.Debug|Any CPU.Build.0 = Debug|Any CPU
		{0818BCD4-5712-454D-B5A4-ED7741ACC7EC}.Debug|x64.ActiveCfg = Debug|Any CPU
		{0818BCD4-5712-454D-B5A4-ED7741ACC7EC}.Debug|x64.Build.0 = Debug|Any CPU
		{0818BCD4-5712-454D-B5A4-ED7741ACC7EC}.Debug|x86.ActiveCfg = Debug|Any CPU
		{0818BCD4-5712-454D-B5A4-ED7741ACC7EC}.Debug|x86.Build.0 = Debug|Any CPU
		{0818BCD4-5712-454D-B5A4-ED7741ACC7EC}.Release|Any CPU.ActiveCfg = Release|Any CPU
		{0818BCD4-5712-454D-B5A4-ED7741ACC7EC}.Release|Any CPU.Build.0 = Release|Any CPU
		{0818BCD4-5712-454D-B5A4-ED7741ACC7EC}.Release|x64.ActiveCfg = Release|Any CPU
		{0818BCD4-5712-454D-B5A4-ED7741ACC7EC}.Release|x64.Build.0 = Release|Any CPU
		{0818BCD4-5712-454D-B5A4-ED7741ACC7EC}.Release|x86.ActiveCfg = Release|Any CPU
		{0818BCD4-5712-454D-B5A4-ED7741ACC7EC}.Release|x86.Build.0 = Release|Any CPU
		{B745815E-908E-4D0E-A885-A632320CF9BB}.Debug|Any CPU.ActiveCfg = Debug|Any CPU
		{B745815E-908E-4D0E-A885-A632320CF9BB}.Debug|Any CPU.Build.0 = Debug|Any CPU
		{B745815E-908E-4D0E-A885-A632320CF9BB}.Debug|x64.ActiveCfg = Debug|Any CPU
		{B745815E-908E-4D0E-A885-A632320CF9BB}.Debug|x64.Build.0 = Debug|Any CPU
		{B745815E-908E-4D0E-A885-A632320CF9BB}.Debug|x86.ActiveCfg = Debug|Any CPU
		{B745815E-908E-4D0E-A885-A632320CF9BB}.Debug|x86.Build.0 = Debug|Any CPU
		{B745815E-908E-4D0E-A885-A632320CF9BB}.Release|Any CPU.ActiveCfg = Release|Any CPU
		{B745815E-908E-4D0E-A885-A632320CF9BB}.Release|Any CPU.Build.0 = Release|Any CPU
		{B745815E-908E-4D0E-A885-A632320CF9BB}.Release|x64.ActiveCfg = Release|Any CPU
		{B745815E-908E-4D0E-A885-A632320CF9BB}.Release|x64.Build.0 = Release|Any CPU
		{B745815E-908E-4D0E-A885-A632320CF9BB}.Release|x86.ActiveCfg = Release|Any CPU
		{B745815E-908E-4D0E-A885-A632320CF9BB}.Release|x86.Build.0 = Release|Any CPU
		{6BD5B9A0-B217-4E8F-8BF9-AF337996FF50}.Debug|Any CPU.ActiveCfg = Debug|Any CPU
		{6BD5B9A0-B217-4E8F-8BF9-AF337996FF50}.Debug|Any CPU.Build.0 = Debug|Any CPU
		{6BD5B9A0-B217-4E8F-8BF9-AF337996FF50}.Debug|x64.ActiveCfg = Debug|Any CPU
		{6BD5B9A0-B217-4E8F-8BF9-AF337996FF50}.Debug|x64.Build.0 = Debug|Any CPU
		{6BD5B9A0-B217-4E8F-8BF9-AF337996FF50}.Debug|x86.ActiveCfg = Debug|Any CPU
		{6BD5B9A0-B217-4E8F-8BF9-AF337996FF50}.Debug|x86.Build.0 = Debug|Any CPU
		{6BD5B9A0-B217-4E8F-8BF9-AF337996FF50}.Release|Any CPU.ActiveCfg = Release|Any CPU
		{6BD5B9A0-B217-4E8F-8BF9-AF337996FF50}.Release|Any CPU.Build.0 = Release|Any CPU
		{6BD5B9A0-B217-4E8F-8BF9-AF337996FF50}.Release|x64.ActiveCfg = Release|Any CPU
		{6BD5B9A0-B217-4E8F-8BF9-AF337996FF50}.Release|x64.Build.0 = Release|Any CPU
		{6BD5B9A0-B217-4E8F-8BF9-AF337996FF50}.Release|x86.ActiveCfg = Release|Any CPU
		{6BD5B9A0-B217-4E8F-8BF9-AF337996FF50}.Release|x86.Build.0 = Release|Any CPU
		{817615C4-A323-4A7C-BA56-A2F2AE383506}.Debug|Any CPU.ActiveCfg = Debug|Any CPU
		{817615C4-A323-4A7C-BA56-A2F2AE383506}.Debug|Any CPU.Build.0 = Debug|Any CPU
		{817615C4-A323-4A7C-BA56-A2F2AE383506}.Debug|x64.ActiveCfg = Debug|Any CPU
		{817615C4-A323-4A7C-BA56-A2F2AE383506}.Debug|x64.Build.0 = Debug|Any CPU
		{817615C4-A323-4A7C-BA56-A2F2AE383506}.Debug|x86.ActiveCfg = Debug|Any CPU
		{817615C4-A323-4A7C-BA56-A2F2AE383506}.Debug|x86.Build.0 = Debug|Any CPU
		{817615C4-A323-4A7C-BA56-A2F2AE383506}.Release|Any CPU.ActiveCfg = Release|Any CPU
		{817615C4-A323-4A7C-BA56-A2F2AE383506}.Release|Any CPU.Build.0 = Release|Any CPU
		{817615C4-A323-4A7C-BA56-A2F2AE383506}.Release|x64.ActiveCfg = Release|Any CPU
		{817615C4-A323-4A7C-BA56-A2F2AE383506}.Release|x64.Build.0 = Release|Any CPU
		{817615C4-A323-4A7C-BA56-A2F2AE383506}.Release|x86.ActiveCfg = Release|Any CPU
		{817615C4-A323-4A7C-BA56-A2F2AE383506}.Release|x86.Build.0 = Release|Any CPU
		{292F0531-0C75-429E-943F-B389EBB57E9F}.Debug|Any CPU.ActiveCfg = Debug|Any CPU
		{292F0531-0C75-429E-943F-B389EBB57E9F}.Debug|Any CPU.Build.0 = Debug|Any CPU
		{292F0531-0C75-429E-943F-B389EBB57E9F}.Debug|x64.ActiveCfg = Debug|Any CPU
		{292F0531-0C75-429E-943F-B389EBB57E9F}.Debug|x64.Build.0 = Debug|Any CPU
		{292F0531-0C75-429E-943F-B389EBB57E9F}.Debug|x86.ActiveCfg = Debug|Any CPU
		{292F0531-0C75-429E-943F-B389EBB57E9F}.Debug|x86.Build.0 = Debug|Any CPU
		{292F0531-0C75-429E-943F-B389EBB57E9F}.Release|Any CPU.ActiveCfg = Release|Any CPU
		{292F0531-0C75-429E-943F-B389EBB57E9F}.Release|Any CPU.Build.0 = Release|Any CPU
		{292F0531-0C75-429E-943F-B389EBB57E9F}.Release|x64.ActiveCfg = Release|Any CPU
		{292F0531-0C75-429E-943F-B389EBB57E9F}.Release|x64.Build.0 = Release|Any CPU
		{292F0531-0C75-429E-943F-B389EBB57E9F}.Release|x86.ActiveCfg = Release|Any CPU
		{292F0531-0C75-429E-943F-B389EBB57E9F}.Release|x86.Build.0 = Release|Any CPU
		{C1D6B3A9-2276-42AB-BC27-F0694FEC404F}.Debug|Any CPU.ActiveCfg = Debug|Any CPU
		{C1D6B3A9-2276-42AB-BC27-F0694FEC404F}.Debug|Any CPU.Build.0 = Debug|Any CPU
		{C1D6B3A9-2276-42AB-BC27-F0694FEC404F}.Debug|x64.ActiveCfg = Debug|Any CPU
		{C1D6B3A9-2276-42AB-BC27-F0694FEC404F}.Debug|x64.Build.0 = Debug|Any CPU
		{C1D6B3A9-2276-42AB-BC27-F0694FEC404F}.Debug|x86.ActiveCfg = Debug|Any CPU
		{C1D6B3A9-2276-42AB-BC27-F0694FEC404F}.Debug|x86.Build.0 = Debug|Any CPU
		{C1D6B3A9-2276-42AB-BC27-F0694FEC404F}.Release|Any CPU.ActiveCfg = Release|Any CPU
		{C1D6B3A9-2276-42AB-BC27-F0694FEC404F}.Release|Any CPU.Build.0 = Release|Any CPU
		{C1D6B3A9-2276-42AB-BC27-F0694FEC404F}.Release|x64.ActiveCfg = Release|Any CPU
		{C1D6B3A9-2276-42AB-BC27-F0694FEC404F}.Release|x64.Build.0 = Release|Any CPU
		{C1D6B3A9-2276-42AB-BC27-F0694FEC404F}.Release|x86.ActiveCfg = Release|Any CPU
		{C1D6B3A9-2276-42AB-BC27-F0694FEC404F}.Release|x86.Build.0 = Release|Any CPU
	EndGlobalSection
	GlobalSection(SolutionProperties) = preSolution
		HideSolutionNode = FALSE
	EndGlobalSection
	GlobalSection(ExtensibilityGlobals) = postSolution
		SolutionGuid = {51FE6FDA-4CFA-4A20-819F-E445B5246D0A}
	EndGlobalSection
EndGlobal
